
Microsoft Visual Studio Solution File, Format Version 12.00
# Visual Studio Version 17
VisualStudioVersion = 17.3.32901.215
MinimumVisualStudioVersion = 10.0.40219.1
Project("{9A19103F-16F7-4668-BE54-9A1E7A4F7556}") = "WebApplication3tierApp", "WebApplication3tierApp\WebApplication3tierApp.csproj", "{5AD8C55E-683E-435E-A6D4-BF34AF67ED14}"
EndProject
Project("{9A19103F-16F7-4668-BE54-9A1E7A4F7556}") = "1CommonInfrastructure", "1CommonInfrastructure\1CommonInfrastructure.csproj", "{CC46A942-3423-4611-AB7F-0FEA441A0D90}"
EndProject
Project("{9A19103F-16F7-4668-BE54-9A1E7A4F7556}") = "2DataAccessLayer", "2DataAccessLayer\2DataAccessLayer.csproj", "{67EA415A-C9AE-4F05-923A-F9489DF9E1CF}"
EndProject
Project("{9A19103F-16F7-4668-BE54-9A1E7A4F7556}") = "3BusinessLogicLayer", "3BusinessLogicLayer\3BusinessLogicLayer.csproj", "{713C5AE8-525A-4BE1-9546-4730A5C93833}"
EndProject
Project("{9A19103F-16F7-4668-BE54-9A1E7A4F7556}") = "4Bootstrap", "4Bootstrap\4Bootstrap.csproj", "{C47F0572-580E-478A-BBB0-7566EF8C4220}"
EndProject
Global
	GlobalSection(SolutionConfigurationPlatforms) = preSolution
		Debug|Any CPU = Debug|Any CPU
		Release|Any CPU = Release|Any CPU
	EndGlobalSection
	GlobalSection(ProjectConfigurationPlatforms) = postSolution
		{5AD8C55E-683E-435E-A6D4-BF34AF67ED14}.Debug|Any CPU.ActiveCfg = Debug|Any CPU
		{5AD8C55E-683E-435E-A6D4-BF34AF67ED14}.Debug|Any CPU.Build.0 = Debug|Any CPU
		{5AD8C55E-683E-435E-A6D4-BF34AF67ED14}.Release|Any CPU.ActiveCfg = Release|Any CPU
		{5AD8C55E-683E-435E-A6D4-BF34AF67ED14}.Release|Any CPU.Build.0 = Release|Any CPU
		{CC46A942-3423-4611-AB7F-0FEA441A0D90}.Debug|Any CPU.ActiveCfg = Debug|Any CPU
		{CC46A942-3423-4611-AB7F-0FEA441A0D90}.Debug|Any CPU.Build.0 = Debug|Any CPU
		{CC46A942-3423-4611-AB7F-0FEA441A0D90}.Release|Any CPU.ActiveCfg = Release|Any CPU
		{CC46A942-3423-4611-AB7F-0FEA441A0D90}.Release|Any CPU.Build.0 = Release|Any CPU
		{67EA415A-C9AE-4F05-923A-F9489DF9E1CF}.Debug|Any CPU.ActiveCfg = Debug|Any CPU
		{67EA415A-C9AE-4F05-923A-F9489DF9E1CF}.Debug|Any CPU.Build.0 = Debug|Any CPU
		{67EA415A-C9AE-4F05-923A-F9489DF9E1CF}.Release|Any CPU.ActiveCfg = Release|Any CPU
		{67EA415A-C9AE-4F05-923A-F9489DF9E1CF}.Release|Any CPU.Build.0 = Release|Any CPU
		{713C5AE8-525A-4BE1-9546-4730A5C93833}.Debug|Any CPU.ActiveCfg = Debug|Any CPU
		{713C5AE8-525A-4BE1-9546-4730A5C93833}.Debug|Any CPU.Build.0 = Debug|Any CPU
		{713C5AE8-525A-4BE1-9546-4730A5C93833}.Release|Any CPU.ActiveCfg = Release|Any CPU
		{713C5AE8-525A-4BE1-9546-4730A5C93833}.Release|Any CPU.Build.0 = Release|Any CPU
		{C47F0572-580E-478A-BBB0-7566EF8C4220}.Debug|Any CPU.ActiveCfg = Debug|Any CPU
		{C47F0572-580E-478A-BBB0-7566EF8C4220}.Debug|Any CPU.Build.0 = Debug|Any CPU
		{C47F0572-580E-478A-BBB0-7566EF8C4220}.Release|Any CPU.ActiveCfg = Release|Any CPU
		{C47F0572-580E-478A-BBB0-7566EF8C4220}.Release|Any CPU.Build.0 = Release|Any CPU
	EndGlobalSection
	GlobalSection(SolutionProperties) = preSolution
		HideSolutionNode = FALSE
	EndGlobalSection
	GlobalSection(ExtensibilityGlobals) = postSolution
		SolutionGuid = {A0316EA9-C6F1-43B5-9A94-BD0806F24D17}
	EndGlobalSection
EndGlobal
